
Microsoft Visual Studio Solution File, Format Version 12.00
# Visual Studio Version 17
VisualStudioVersion = 17.1.32421.90
MinimumVisualStudioVersion = 10.0.40219.1
Project("{9A19103F-16F7-4668-BE54-9A1E7A4F7556}") = "WinGetUpd", "WinGetUpd\WinGetUpd.csproj", "{B0109625-DFB9-4970-A621-538A3154C3A9}"
EndProject
Project("{9A19103F-16F7-4668-BE54-9A1E7A4F7556}") = "WinGetUpdConfig", "WinGetUpdConfig\WinGetUpdConfig.csproj", "{AB0DC52D-9B39-43E1-A606-B48C0C2BC8F2}"
EndProject
Project("{9A19103F-16F7-4668-BE54-9A1E7A4F7556}") = "WinGetUpdCore", "WinGetUpdCore\WinGetUpdCore.csproj", "{3730D99A-4536-4093-96F7-AB6889E8CF81}"
EndProject
Project("{9A19103F-16F7-4668-BE54-9A1E7A4F7556}") = "WinGetUpdExecution", "WinGetUpdExecution\WinGetUpdExecution.csproj", "{95D92BB8-9EEF-43C7-8E6C-39841F9F178A}"
EndProject
Project("{9A19103F-16F7-4668-BE54-9A1E7A4F7556}") = "WinGetUpdLogging", "WinGetUpdLogging\WinGetUpdLogging.csproj", "{DB5B39FE-DA61-4724-AAC3-C2A0F6D32EB8}"
EndProject
Project("{9A19103F-16F7-4668-BE54-9A1E7A4F7556}") = "WinGetUpdPackages", "WinGetUpdPackages\WinGetUpdPackages.csproj", "{BFF982F1-7A74-40C7-AAB0-84E67CEFC466}"
EndProject
Project("{FAE04EC0-301F-11D3-BF4B-00C04F79EFBC}") = "WinGetUpdParsing", "WinGetUpdParsing\WinGetUpdParsing.csproj", "{7849B5D5-C698-434E-9FDE-9CABDF90A2BD}"
EndProject
Global
	GlobalSection(SolutionConfigurationPlatforms) = preSolution
		Debug|Any CPU = Debug|Any CPU
		Release|Any CPU = Release|Any CPU
	EndGlobalSection
	GlobalSection(ProjectConfigurationPlatforms) = postSolution
		{B0109625-DFB9-4970-A621-538A3154C3A9}.Debug|Any CPU.ActiveCfg = Debug|Any CPU
		{B0109625-DFB9-4970-A621-538A3154C3A9}.Debug|Any CPU.Build.0 = Debug|Any CPU
		{B0109625-DFB9-4970-A621-538A3154C3A9}.Release|Any CPU.ActiveCfg = Release|Any CPU
		{B0109625-DFB9-4970-A621-538A3154C3A9}.Release|Any CPU.Build.0 = Release|Any CPU
		{AB0DC52D-9B39-43E1-A606-B48C0C2BC8F2}.Debug|Any CPU.ActiveCfg = Debug|Any CPU
		{AB0DC52D-9B39-43E1-A606-B48C0C2BC8F2}.Debug|Any CPU.Build.0 = Debug|Any CPU
		{AB0DC52D-9B39-43E1-A606-B48C0C2BC8F2}.Release|Any CPU.ActiveCfg = Release|Any CPU
		{AB0DC52D-9B39-43E1-A606-B48C0C2BC8F2}.Release|Any CPU.Build.0 = Release|Any CPU
		{3730D99A-4536-4093-96F7-AB6889E8CF81}.Debug|Any CPU.ActiveCfg = Debug|Any CPU
		{3730D99A-4536-4093-96F7-AB6889E8CF81}.Debug|Any CPU.Build.0 = Debug|Any CPU
		{3730D99A-4536-4093-96F7-AB6889E8CF81}.Release|Any CPU.ActiveCfg = Release|Any CPU
		{3730D99A-4536-4093-96F7-AB6889E8CF81}.Release|Any CPU.Build.0 = Release|Any CPU
		{95D92BB8-9EEF-43C7-8E6C-39841F9F178A}.Debug|Any CPU.ActiveCfg = Debug|Any CPU
		{95D92BB8-9EEF-43C7-8E6C-39841F9F178A}.Debug|Any CPU.Build.0 = Debug|Any CPU
		{95D92BB8-9EEF-43C7-8E6C-39841F9F178A}.Release|Any CPU.ActiveCfg = Release|Any CPU
		{95D92BB8-9EEF-43C7-8E6C-39841F9F178A}.Release|Any CPU.Build.0 = Release|Any CPU
		{DB5B39FE-DA61-4724-AAC3-C2A0F6D32EB8}.Debug|Any CPU.ActiveCfg = Debug|Any CPU
		{DB5B39FE-DA61-4724-AAC3-C2A0F6D32EB8}.Debug|Any CPU.Build.0 = Debug|Any CPU
		{DB5B39FE-DA61-4724-AAC3-C2A0F6D32EB8}.Release|Any CPU.ActiveCfg = Release|Any CPU
		{DB5B39FE-DA61-4724-AAC3-C2A0F6D32EB8}.Release|Any CPU.Build.0 = Release|Any CPU
		{BFF982F1-7A74-40C7-AAB0-84E67CEFC466}.Debug|Any CPU.ActiveCfg = Debug|Any CPU
		{BFF982F1-7A74-40C7-AAB0-84E67CEFC466}.Debug|Any CPU.Build.0 = Debug|Any CPU
		{BFF982F1-7A74-40C7-AAB0-84E67CEFC466}.Release|Any CPU.ActiveCfg = Release|Any CPU
		{BFF982F1-7A74-40C7-AAB0-84E67CEFC466}.Release|Any CPU.Build.0 = Release|Any CPU
		{7849B5D5-C698-434E-9FDE-9CABDF90A2BD}.Debug|Any CPU.ActiveCfg = Debug|Any CPU
		{7849B5D5-C698-434E-9FDE-9CABDF90A2BD}.Debug|Any CPU.Build.0 = Debug|Any CPU
		{7849B5D5-C698-434E-9FDE-9CABDF90A2BD}.Release|Any CPU.ActiveCfg = Release|Any CPU
		{7849B5D5-C698-434E-9FDE-9CABDF90A2BD}.Release|Any CPU.Build.0 = Release|Any CPU
	EndGlobalSection
	GlobalSection(SolutionProperties) = preSolution
		HideSolutionNode = FALSE
	EndGlobalSection
	GlobalSection(ExtensibilityGlobals) = postSolution
		SolutionGuid = {BBAE09C7-A47D-4C47-9742-5A8BFBB88D45}
	EndGlobalSection
EndGlobal
