
Microsoft Visual Studio Solution File, Format Version 12.00
# Visual Studio Version 17
VisualStudioVersion = 17.1.32319.34
MinimumVisualStudioVersion = 10.0.40219.1
Project("{9A19103F-16F7-4668-BE54-9A1E7A4F7556}") = "WinGetUpd", "WinGetUpd\WinGetUpd.csproj", "{24FD47F3-616A-4A57-BD24-4970DEA5CE63}"
EndProject
Project("{9A19103F-16F7-4668-BE54-9A1E7A4F7556}") = "WinGet", "WinGet\WinGet.csproj", "{4C540E20-2CD3-47D5-AB4E-6C8A00617144}"
EndProject
Project("{FAE04EC0-301F-11D3-BF4B-00C04F79EFBC}") = "WinGetUpdCore", "WinGetUpdCore\WinGetUpdCore.csproj", "{EA049375-5C00-40C8-AE0B-07FD870BE133}"
EndProject
Global
	GlobalSection(SolutionConfigurationPlatforms) = preSolution
		Debug|Any CPU = Debug|Any CPU
		Release|Any CPU = Release|Any CPU
	EndGlobalSection
	GlobalSection(ProjectConfigurationPlatforms) = postSolution
		{24FD47F3-616A-4A57-BD24-4970DEA5CE63}.Debug|Any CPU.ActiveCfg = Debug|Any CPU
		{24FD47F3-616A-4A57-BD24-4970DEA5CE63}.Debug|Any CPU.Build.0 = Debug|Any CPU
		{24FD47F3-616A-4A57-BD24-4970DEA5CE63}.Release|Any CPU.ActiveCfg = Release|Any CPU
		{24FD47F3-616A-4A57-BD24-4970DEA5CE63}.Release|Any CPU.Build.0 = Release|Any CPU
		{4C540E20-2CD3-47D5-AB4E-6C8A00617144}.Debug|Any CPU.ActiveCfg = Debug|Any CPU
		{4C540E20-2CD3-47D5-AB4E-6C8A00617144}.Debug|Any CPU.Build.0 = Debug|Any CPU
		{4C540E20-2CD3-47D5-AB4E-6C8A00617144}.Release|Any CPU.ActiveCfg = Release|Any CPU
		{4C540E20-2CD3-47D5-AB4E-6C8A00617144}.Release|Any CPU.Build.0 = Release|Any CPU
		{EA049375-5C00-40C8-AE0B-07FD870BE133}.Debug|Any CPU.ActiveCfg = Debug|Any CPU
		{EA049375-5C00-40C8-AE0B-07FD870BE133}.Debug|Any CPU.Build.0 = Debug|Any CPU
		{EA049375-5C00-40C8-AE0B-07FD870BE133}.Release|Any CPU.ActiveCfg = Release|Any CPU
		{EA049375-5C00-40C8-AE0B-07FD870BE133}.Release|Any CPU.Build.0 = Release|Any CPU
	EndGlobalSection
	GlobalSection(SolutionProperties) = preSolution
		HideSolutionNode = FALSE
	EndGlobalSection
	GlobalSection(ExtensibilityGlobals) = postSolution
		SolutionGuid = {A8568454-934B-4CF7-849D-42FA17F06449}
	EndGlobalSection
EndGlobal
